
Microsoft Visual Studio Solution File, Format Version 12.00
# Visual Studio Version 16
VisualStudioVersion = 16.0.29424.173
MinimumVisualStudioVersion = 10.0.40219.1
Project("{9A19103F-16F7-4668-BE54-9A1E7A4F7556}") = "TestPipeCancel", "TestPipeCancel\TestPipeCancel.csproj", "{579C3490-6672-475F-BAB0-A798C42A8566}"
EndProject
Project("{9A19103F-16F7-4668-BE54-9A1E7A4F7556}") = "FileStreamPerformance", "FileStreamPerformance\FileStreamPerformance.csproj", "{73309BAD-5266-4D66-8120-7D149EB92530}"
EndProject
Project("{2150E333-8FDC-42A3-9474-1A3956D46DE8}") = "Solution Items", "Solution Items", "{EA32E629-E8B9-4F5B-8EF0-4C55D8E26DF1}"
	ProjectSection(SolutionItems) = preProject
		.editorconfig = .editorconfig
	EndProjectSection
EndProject
Global
	GlobalSection(SolutionConfigurationPlatforms) = preSolution
		Debug|Any CPU = Debug|Any CPU
		Debug|x64 = Debug|x64
		Release|Any CPU = Release|Any CPU
		Release|x64 = Release|x64
	EndGlobalSection
	GlobalSection(ProjectConfigurationPlatforms) = postSolution
		{579C3490-6672-475F-BAB0-A798C42A8566}.Debug|Any CPU.ActiveCfg = Debug|Any CPU
		{579C3490-6672-475F-BAB0-A798C42A8566}.Debug|Any CPU.Build.0 = Debug|Any CPU
		{579C3490-6672-475F-BAB0-A798C42A8566}.Debug|x64.ActiveCfg = Debug|x64
		{579C3490-6672-475F-BAB0-A798C42A8566}.Debug|x64.Build.0 = Debug|x64
		{579C3490-6672-475F-BAB0-A798C42A8566}.Release|Any CPU.ActiveCfg = Release|Any CPU
		{579C3490-6672-475F-BAB0-A798C42A8566}.Release|Any CPU.Build.0 = Release|Any CPU
		{579C3490-6672-475F-BAB0-A798C42A8566}.Release|x64.ActiveCfg = Release|x64
		{579C3490-6672-475F-BAB0-A798C42A8566}.Release|x64.Build.0 = Release|x64
		{73309BAD-5266-4D66-8120-7D149EB92530}.Debug|Any CPU.ActiveCfg = Debug|Any CPU
		{73309BAD-5266-4D66-8120-7D149EB92530}.Debug|Any CPU.Build.0 = Debug|Any CPU
		{73309BAD-5266-4D66-8120-7D149EB92530}.Debug|x64.ActiveCfg = Debug|x64
		{73309BAD-5266-4D66-8120-7D149EB92530}.Debug|x64.Build.0 = Debug|x64
		{73309BAD-5266-4D66-8120-7D149EB92530}.Release|Any CPU.ActiveCfg = Release|Any CPU
		{73309BAD-5266-4D66-8120-7D149EB92530}.Release|Any CPU.Build.0 = Release|Any CPU
		{73309BAD-5266-4D66-8120-7D149EB92530}.Release|x64.ActiveCfg = Release|x64
		{73309BAD-5266-4D66-8120-7D149EB92530}.Release|x64.Build.0 = Release|x64
	EndGlobalSection
	GlobalSection(SolutionProperties) = preSolution
		HideSolutionNode = FALSE
	EndGlobalSection
	GlobalSection(ExtensibilityGlobals) = postSolution
		SolutionGuid = {607A11BD-F66B-4284-93AD-3EE13C7AD302}
	EndGlobalSection
EndGlobal
